{
  "pins" : [
    {
      "identity" : "bigint",
      "kind" : "remoteSourceControl",
      "location" : "https://github.com/attaswift/BigInt.git",
      "state" : {
        "revision" : "0ed110f7555c34ff468e72e1686e59721f2b0da6",
        "version" : "5.3.0"
      }
    },
    {
      "identity" : "durian",
      "kind" : "remoteSourceControl",
      "location" : "https://github.com/hylo-lang/Durian.git",
      "state" : {
        "revision" : "3d802c00e9063b8bba8ba3fff5691e82df7949e1",
        "version" : "1.2.0"
      }
    },
    {
      "identity" : "fseventswrapper",
      "kind" : "remoteSourceControl",
      "location" : "https://github.com/Frizlab/FSEventsWrapper",
      "state" : {
        "revision" : "70bbea4b108221fcabfce8dbced8502831c0ae04",
        "version" : "2.1.0"
      }
    },
    {
      "identity" : "globpattern",
      "kind" : "remoteSourceControl",
      "location" : "https://github.com/ChimeHQ/GlobPattern",
      "state" : {
        "revision" : "4ebb9e89e07cc475efa74f87dc6d21f4a9e060f8",
        "version" : "0.1.1"
      }
    },
    {
      "identity" : "jsonrpc",
      "kind" : "remoteSourceControl",
      "location" : "https://github.com/ChimeHQ/JSONRPC",
      "state" : {
        "revision" : "c6ec759d41a76ac88fe7327c41a77d9033943374",
        "version" : "0.9.0"
      }
    },
    {
      "identity" : "processenv",
      "kind" : "remoteSourceControl",
      "location" : "https://github.com/ChimeHQ/ProcessEnv",
      "state" : {
        "revision" : "83f1ebc9dd6fb1db0bd89a3fcae00488a0f3fdd9",
        "version" : "1.0.0"
      }
    },
    {
      "identity" : "puppy",
      "kind" : "remoteSourceControl",
      "location" : "https://github.com/sushichop/Puppy.git",
      "state" : {
        "revision" : "b5af02a72a5a1f92a68e6eceee19cac804067ad9",
        "version" : "0.7.0"
      }
    },
    {
      "identity" : "queue",
      "kind" : "remoteSourceControl",
      "location" : "https://github.com/mattmassicotte/Queue",
      "state" : {
        "revision" : "8d6f936097888f97011610ced40313655dc5948d",
        "version" : "0.1.4"
      }
    },
    {
      "identity" : "semaphore",
      "kind" : "remoteSourceControl",
      "location" : "https://github.com/groue/Semaphore",
      "state" : {
        "revision" : "f1c4a0acabeb591068dea6cffdd39660b86dec28",
        "version" : "0.0.8"
      }
    },
    {
      "identity" : "swift-argument-parser",
      "kind" : "remoteSourceControl",
      "location" : "https://github.com/apple/swift-argument-parser.git",
      "state" : {
        "revision" : "8f4d2753f0e4778c76d5f05ad16c74f707390531",
        "version" : "1.2.3"
      }
    },
    {
      "identity" : "swift-collections",
      "kind" : "remoteSourceControl",
      "location" : "https://github.com/apple/swift-collections.git",
      "state" : {
        "revision" : "a902f1823a7ff3c9ab2fba0f992396b948eda307",
        "version" : "1.0.5"
      }
    },
    {
      "identity" : "swift-log",
      "kind" : "remoteSourceControl",
      "location" : "https://github.com/apple/swift-log.git",
      "state" : {
        "revision" : "532d8b529501fb73a2455b179e0bbb6d49b652ed",
        "version" : "1.5.3"
      }
    },
    {
      "identity" : "swifty-llvm",
      "kind" : "remoteSourceControl",
      "location" : "https://github.com/hylo-lang/Swifty-LLVM",
      "state" : {
        "branch" : "main",
        "revision" : "8e00abf2dd4a0e40b403c49816c69a07e829abff"
      }
    }
  ],
  "version" : 2
}
